
Microsoft Visual Studio Solution File, Format Version 12.00
# Visual Studio Version 17
VisualStudioVersion = 17.0.31903.59
MinimumVisualStudioVersion = 10.0.40219.1
Project("{2150E333-8FDC-42A3-9474-1A3956D46DE8}") = "src", "src", "{827E0CD3-B72D-47B6-A68D-7590B98EB39B}"
EndProject
Project("{FAE04EC0-301F-11D3-BF4B-00C04F79EFBC}") = "Domain", "src\Domain\Domain.csproj", "{018DD480-B068-47D2-BF7F-1006CC3F5F04}"
EndProject
Project("{FAE04EC0-301F-11D3-BF4B-00C04F79EFBC}") = "Application", "src\Application\Application.csproj", "{496148DA-5FFA-4BDA-9D10-FB6AB2D37E11}"
EndProject
Project("{FAE04EC0-301F-11D3-BF4B-00C04F79EFBC}") = "Infrastructure", "src\Infrastructure\Infrastructure.csproj", "{704F41B3-7D94-4782-87DC-6250146044B1}"
EndProject
Project("{FAE04EC0-301F-11D3-BF4B-00C04F79EFBC}") = "Api", "src\Api\Api.csproj", "{80786935-4661-4F1E-BBA0-52D616839584}"
EndProject
Project("{FAE04EC0-301F-11D3-BF4B-00C04F79EFBC}") = "Web.Mvc", "src\Web.Mvc\Web.Mvc.csproj", "{4FC04C4B-038B-4945-A84F-202264833B38}"
EndProject
Project("{FAE04EC0-301F-11D3-BF4B-00C04F79EFBC}") = "Client.Wpf", "src\Client.Wpf\Client.Wpf.csproj", "{DD56BDCC-4A3D-4242-8E2D-31988311D0F1}"
EndProject
Project("{FAE04EC0-301F-11D3-BF4B-00C04F79EFBC}") = "Domain.Tests", "tests\Domain.Tests\Domain.Tests.csproj", "{65F0A828-A307-476C-9122-6A4B11BCADE9}"
EndProject
Global
	GlobalSection(SolutionConfigurationPlatforms) = preSolution
		Debug|Any CPU = Debug|Any CPU
		Debug|x64 = Debug|x64
		Debug|x86 = Debug|x86
		Release|Any CPU = Release|Any CPU
		Release|x64 = Release|x64
		Release|x86 = Release|x86
	EndGlobalSection
	GlobalSection(ProjectConfigurationPlatforms) = postSolution
		{018DD480-B068-47D2-BF7F-1006CC3F5F04}.Debug|Any CPU.ActiveCfg = Debug|Any CPU
		{018DD480-B068-47D2-BF7F-1006CC3F5F04}.Debug|Any CPU.Build.0 = Debug|Any CPU
		{018DD480-B068-47D2-BF7F-1006CC3F5F04}.Debug|x64.ActiveCfg = Debug|Any CPU
		{018DD480-B068-47D2-BF7F-1006CC3F5F04}.Debug|x64.Build.0 = Debug|Any CPU
		{018DD480-B068-47D2-BF7F-1006CC3F5F04}.Debug|x86.ActiveCfg = Debug|Any CPU
		{018DD480-B068-47D2-BF7F-1006CC3F5F04}.Debug|x86.Build.0 = Debug|Any CPU
		{018DD480-B068-47D2-BF7F-1006CC3F5F04}.Release|Any CPU.ActiveCfg = Release|Any CPU
		{018DD480-B068-47D2-BF7F-1006CC3F5F04}.Release|Any CPU.Build.0 = Release|Any CPU
		{018DD480-B068-47D2-BF7F-1006CC3F5F04}.Release|x64.ActiveCfg = Release|Any CPU
		{018DD480-B068-47D2-BF7F-1006CC3F5F04}.Release|x64.Build.0 = Release|Any CPU
		{018DD480-B068-47D2-BF7F-1006CC3F5F04}.Release|x86.ActiveCfg = Release|Any CPU
		{018DD480-B068-47D2-BF7F-1006CC3F5F04}.Release|x86.Build.0 = Release|Any CPU
		{496148DA-5FFA-4BDA-9D10-FB6AB2D37E11}.Debug|Any CPU.ActiveCfg = Debug|Any CPU
		{496148DA-5FFA-4BDA-9D10-FB6AB2D37E11}.Debug|Any CPU.Build.0 = Debug|Any CPU
		{496148DA-5FFA-4BDA-9D10-FB6AB2D37E11}.Debug|x64.ActiveCfg = Debug|Any CPU
		{496148DA-5FFA-4BDA-9D10-FB6AB2D37E11}.Debug|x64.Build.0 = Debug|Any CPU
		{496148DA-5FFA-4BDA-9D10-FB6AB2D37E11}.Debug|x86.ActiveCfg = Debug|Any CPU
		{496148DA-5FFA-4BDA-9D10-FB6AB2D37E11}.Debug|x86.Build.0 = Debug|Any CPU
		{496148DA-5FFA-4BDA-9D10-FB6AB2D37E11}.Release|Any CPU.ActiveCfg = Release|Any CPU
		{496148DA-5FFA-4BDA-9D10-FB6AB2D37E11}.Release|Any CPU.Build.0 = Release|Any CPU
		{496148DA-5FFA-4BDA-9D10-FB6AB2D37E11}.Release|x64.ActiveCfg = Release|Any CPU
		{496148DA-5FFA-4BDA-9D10-FB6AB2D37E11}.Release|x64.Build.0 = Release|Any CPU
		{496148DA-5FFA-4BDA-9D10-FB6AB2D37E11}.Release|x86.ActiveCfg = Release|Any CPU
		{496148DA-5FFA-4BDA-9D10-FB6AB2D37E11}.Release|x86.Build.0 = Release|Any CPU
		{704F41B3-7D94-4782-87DC-6250146044B1}.Debug|Any CPU.ActiveCfg = Debug|Any CPU
		{704F41B3-7D94-4782-87DC-6250146044B1}.Debug|Any CPU.Build.0 = Debug|Any CPU
		{704F41B3-7D94-4782-87DC-6250146044B1}.Debug|x64.ActiveCfg = Debug|Any CPU
		{704F41B3-7D94-4782-87DC-6250146044B1}.Debug|x64.Build.0 = Debug|Any CPU
		{704F41B3-7D94-4782-87DC-6250146044B1}.Debug|x86.ActiveCfg = Debug|Any CPU
		{704F41B3-7D94-4782-87DC-6250146044B1}.Debug|x86.Build.0 = Debug|Any CPU
		{704F41B3-7D94-4782-87DC-6250146044B1}.Release|Any CPU.ActiveCfg = Release|Any CPU
		{704F41B3-7D94-4782-87DC-6250146044B1}.Release|Any CPU.Build.0 = Release|Any CPU
		{704F41B3-7D94-4782-87DC-6250146044B1}.Release|x64.ActiveCfg = Release|Any CPU
		{704F41B3-7D94-4782-87DC-6250146044B1}.Release|x64.Build.0 = Release|Any CPU
		{704F41B3-7D94-4782-87DC-6250146044B1}.Release|x86.ActiveCfg = Release|Any CPU
		{704F41B3-7D94-4782-87DC-6250146044B1}.Release|x86.Build.0 = Release|Any CPU
		{80786935-4661-4F1E-BBA0-52D616839584}.Debug|Any CPU.ActiveCfg = Debug|Any CPU
		{80786935-4661-4F1E-BBA0-52D616839584}.Debug|Any CPU.Build.0 = Debug|Any CPU
		{80786935-4661-4F1E-BBA0-52D616839584}.Debug|x64.ActiveCfg = Debug|Any CPU
		{80786935-4661-4F1E-BBA0-52D616839584}.Debug|x64.Build.0 = Debug|Any CPU
		{80786935-4661-4F1E-BBA0-52D616839584}.Debug|x86.ActiveCfg = Debug|Any CPU
		{80786935-4661-4F1E-BBA0-52D616839584}.Debug|x86.Build.0 = Debug|Any CPU
		{80786935-4661-4F1E-BBA0-52D616839584}.Release|Any CPU.ActiveCfg = Release|Any CPU
		{80786935-4661-4F1E-BBA0-52D616839584}.Release|Any CPU.Build.0 = Release|Any CPU
		{80786935-4661-4F1E-BBA0-52D616839584}.Release|x64.ActiveCfg = Release|Any CPU
		{80786935-4661-4F1E-BBA0-52D616839584}.Release|x64.Build.0 = Release|Any CPU
		{80786935-4661-4F1E-BBA0-52D616839584}.Release|x86.ActiveCfg = Release|Any CPU
		{80786935-4661-4F1E-BBA0-52D616839584}.Release|x86.Build.0 = Release|Any CPU
		{4FC04C4B-038B-4945-A84F-202264833B38}.Debug|Any CPU.ActiveCfg = Debug|Any CPU
		{4FC04C4B-038B-4945-A84F-202264833B38}.Debug|Any CPU.Build.0 = Debug|Any CPU
		{4FC04C4B-038B-4945-A84F-202264833B38}.Debug|x64.ActiveCfg = Debug|Any CPU
		{4FC04C4B-038B-4945-A84F-202264833B38}.Debug|x64.Build.0 = Debug|Any CPU
		{4FC04C4B-038B-4945-A84F-202264833B38}.Debug|x86.ActiveCfg = Debug|Any CPU
		{4FC04C4B-038B-4945-A84F-202264833B38}.Debug|x86.Build.0 = Debug|Any CPU
		{4FC04C4B-038B-4945-A84F-202264833B38}.Release|Any CPU.ActiveCfg = Release|Any CPU
		{4FC04C4B-038B-4945-A84F-202264833B38}.Release|Any CPU.Build.0 = Release|Any CPU
		{4FC04C4B-038B-4945-A84F-202264833B38}.Release|x64.ActiveCfg = Release|Any CPU
		{4FC04C4B-038B-4945-A84F-202264833B38}.Release|x64.Build.0 = Release|Any CPU
		{4FC04C4B-038B-4945-A84F-202264833B38}.Release|x86.ActiveCfg = Release|Any CPU
		{4FC04C4B-038B-4945-A84F-202264833B38}.Release|x86.Build.0 = Release|Any CPU
		{DD56BDCC-4A3D-4242-8E2D-31988311D0F1}.Debug|Any CPU.ActiveCfg = Debug|Any CPU
		{DD56BDCC-4A3D-4242-8E2D-31988311D0F1}.Debug|Any CPU.Build.0 = Debug|Any CPU
		{DD56BDCC-4A3D-4242-8E2D-31988311D0F1}.Debug|x64.ActiveCfg = Debug|Any CPU
		{DD56BDCC-4A3D-4242-8E2D-31988311D0F1}.Debug|x64.Build.0 = Debug|Any CPU
		{DD56BDCC-4A3D-4242-8E2D-31988311D0F1}.Debug|x86.ActiveCfg = Debug|Any CPU
		{DD56BDCC-4A3D-4242-8E2D-31988311D0F1}.Debug|x86.Build.0 = Debug|Any CPU
		{DD56BDCC-4A3D-4242-8E2D-31988311D0F1}.Release|Any CPU.ActiveCfg = Release|Any CPU
		{DD56BDCC-4A3D-4242-8E2D-31988311D0F1}.Release|Any CPU.Build.0 = Release|Any CPU
		{DD56BDCC-4A3D-4242-8E2D-31988311D0F1}.Release|x64.ActiveCfg = Release|Any CPU
		{DD56BDCC-4A3D-4242-8E2D-31988311D0F1}.Release|x64.Build.0 = Release|Any CPU
		{DD56BDCC-4A3D-4242-8E2D-31988311D0F1}.Release|x86.ActiveCfg = Release|Any CPU
		{DD56BDCC-4A3D-4242-8E2D-31988311D0F1}.Release|x86.Build.0 = Release|Any CPU
		{65F0A828-A307-476C-9122-6A4B11BCADE9}.Debug|Any CPU.ActiveCfg = Debug|Any CPU
		{65F0A828-A307-476C-9122-6A4B11BCADE9}.Debug|Any CPU.Build.0 = Debug|Any CPU
		{65F0A828-A307-476C-9122-6A4B11BCADE9}.Debug|x64.ActiveCfg = Debug|Any CPU
		{65F0A828-A307-476C-9122-6A4B11BCADE9}.Debug|x64.Build.0 = Debug|Any CPU
		{65F0A828-A307-476C-9122-6A4B11BCADE9}.Debug|x86.ActiveCfg = Debug|Any CPU
		{65F0A828-A307-476C-9122-6A4B11BCADE9}.Debug|x86.Build.0 = Debug|Any CPU
		{65F0A828-A307-476C-9122-6A4B11BCADE9}.Release|Any CPU.ActiveCfg = Release|Any CPU
		{65F0A828-A307-476C-9122-6A4B11BCADE9}.Release|Any CPU.Build.0 = Release|Any CPU
		{65F0A828-A307-476C-9122-6A4B11BCADE9}.Release|x64.ActiveCfg = Release|Any CPU
		{65F0A828-A307-476C-9122-6A4B11BCADE9}.Release|x64.Build.0 = Release|Any CPU
		{65F0A828-A307-476C-9122-6A4B11BCADE9}.Release|x86.ActiveCfg = Release|Any CPU
		{65F0A828-A307-476C-9122-6A4B11BCADE9}.Release|x86.Build.0 = Release|Any CPU
	EndGlobalSection
	GlobalSection(SolutionProperties) = preSolution
		HideSolutionNode = FALSE
	EndGlobalSection
	GlobalSection(NestedProjects) = preSolution
		{018DD480-B068-47D2-BF7F-1006CC3F5F04} = {827E0CD3-B72D-47B6-A68D-7590B98EB39B}
		{496148DA-5FFA-4BDA-9D10-FB6AB2D37E11} = {827E0CD3-B72D-47B6-A68D-7590B98EB39B}
		{704F41B3-7D94-4782-87DC-6250146044B1} = {827E0CD3-B72D-47B6-A68D-7590B98EB39B}
		{80786935-4661-4F1E-BBA0-52D616839584} = {827E0CD3-B72D-47B6-A68D-7590B98EB39B}
		{4FC04C4B-038B-4945-A84F-202264833B38} = {827E0CD3-B72D-47B6-A68D-7590B98EB39B}
		{DD56BDCC-4A3D-4242-8E2D-31988311D0F1} = {827E0CD3-B72D-47B6-A68D-7590B98EB39B}
		{65F0A828-A307-476C-9122-6A4B11BCADE9} = {827E0CD3-B72D-47B6-A68D-7590B98EB39B}
	EndGlobalSection
EndGlobal
